
Microsoft Visual Studio Solution File, Format Version 12.00
# Visual Studio Version 16
VisualStudioVersion = 16.0.31702.278
MinimumVisualStudioVersion = 10.0.40219.1
Project("{FAE04EC0-301F-11D3-BF4B-00C04F79EFBC}") = "Đèn giao thông", "Đèn giao thông.csproj", "{438ABF70-A507-4754-8694-8CA574789999}"
EndProject
Global
	GlobalSection(SolutionConfigurationPlatforms) = preSolution
		Debug|Any CPU = Debug|Any CPU
		Release|Any CPU = Release|Any CPU
	EndGlobalSection
	GlobalSection(ProjectConfigurationPlatforms) = postSolution
		{438ABF70-A507-4754-8694-8CA574789999}.Debug|Any CPU.ActiveCfg = Debug|Any CPU
		{438ABF70-A507-4754-8694-8CA574789999}.Debug|Any CPU.Build.0 = Debug|Any CPU
		{438ABF70-A507-4754-8694-8CA574789999}.Release|Any CPU.ActiveCfg = Release|Any CPU
		{438ABF70-A507-4754-8694-8CA574789999}.Release|Any CPU.Build.0 = Release|Any CPU
	EndGlobalSection
	GlobalSection(SolutionProperties) = preSolution
		HideSolutionNode = FALSE
	EndGlobalSection
	GlobalSection(ExtensibilityGlobals) = postSolution
		SolutionGuid = {F6D941CF-3261-4030-BF25-055EBCCB9EE4}
	EndGlobalSection
EndGlobal
